
Microsoft Visual Studio Solution File, Format Version 12.00
# Visual Studio Version 16
VisualStudioVersion = 16.0.30621.155
MinimumVisualStudioVersion = 10.0.40219.1
Project("{FAE04EC0-301F-11D3-BF4B-00C04F79EFBC}") = "購物車實作", "購物車實作\購物車實作.csproj", "{6C6C8B19-57C1-4747-8605-678263FB4324}"
EndProject
Global
	GlobalSection(SolutionConfigurationPlatforms) = preSolution
		Debug|Any CPU = Debug|Any CPU
		Release|Any CPU = Release|Any CPU
	EndGlobalSection
	GlobalSection(ProjectConfigurationPlatforms) = postSolution
		{6C6C8B19-57C1-4747-8605-678263FB4324}.Debug|Any CPU.ActiveCfg = Debug|Any CPU
		{6C6C8B19-57C1-4747-8605-678263FB4324}.Debug|Any CPU.Build.0 = Debug|Any CPU
		{6C6C8B19-57C1-4747-8605-678263FB4324}.Release|Any CPU.ActiveCfg = Release|Any CPU
		{6C6C8B19-57C1-4747-8605-678263FB4324}.Release|Any CPU.Build.0 = Release|Any CPU
	EndGlobalSection
	GlobalSection(SolutionProperties) = preSolution
		HideSolutionNode = FALSE
	EndGlobalSection
	GlobalSection(ExtensibilityGlobals) = postSolution
		SolutionGuid = {7A9B749C-8A47-453B-BC73-CFE13267C068}
	EndGlobalSection
EndGlobal
